// !$*UTF8*$!
{
	archiveVersion = 1;
	classes = {
	};
	objectVersion = 50;
	objects = {

/* Begin PBXBuildFile section */
		0865971421F9BB83006F16C9 /* ColorPickerViewController.swift in Sources */ = {isa = PBXBuildFile; fileRef = 0865971321F9BB83006F16C9 /* ColorPickerViewController.swift */; };
		0865971821F9FEDA006F16C9 /* SegueHandlerType.swift in Sources */ = {isa = PBXBuildFile; fileRef = 0865971721F9FEDA006F16C9 /* SegueHandlerType.swift */; };
		08FCDFA921F9ACD2003E3E10 /* AppDelegate.swift in Sources */ = {isa = PBXBuildFile; fileRef = 08FCDFA821F9ACD2003E3E10 /* AppDelegate.swift */; };
		08FCDFAB21F9ACD2003E3E10 /* ViewController.swift in Sources */ = {isa = PBXBuildFile; fileRef = 08FCDFAA21F9ACD2003E3E10 /* ViewController.swift */; };
		08FCDFAE21F9ACD2003E3E10 /* Main.storyboard in Resources */ = {isa = PBXBuildFile; fileRef = 08FCDFAC21F9ACD2003E3E10 /* Main.storyboard */; };
		08FCDFB021F9ACD3003E3E10 /* Assets.xcassets in Resources */ = {isa = PBXBuildFile; fileRef = 08FCDFAF21F9ACD3003E3E10 /* Assets.xcassets */; };
		08FCDFB321F9ACD3003E3E10 /* LaunchScreen.storyboard in Resources */ = {isa = PBXBuildFile; fileRef = 08FCDFB121F9ACD3003E3E10 /* LaunchScreen.storyboard */; };
		08FCDFBB21F9AE62003E3E10 /* Color.xcassets in Resources */ = {isa = PBXBuildFile; fileRef = 08FCDFBA21F9AE62003E3E10 /* Color.xcassets */; };
/* End PBXBuildFile section */

/* Begin PBXFileReference section */
		0865971321F9BB83006F16C9 /* ColorPickerViewController.swift */ = {isa = PBXFileReference; lastKnownFileType = sourcecode.swift; name = ColorPickerViewController.swift; path = ColorPicker/Controllers/ColorPickerViewController.swift; sourceTree = SOURCE_ROOT; };
		0865971721F9FEDA006F16C9 /* SegueHandlerType.swift */ = {isa = PBXFileReference; lastKnownFileType = sourcecode.swift; path = SegueHandlerType.swift; sourceTree = "<group>"; };
		08FCDFA521F9ACD2003E3E10 /* ColorPicker.app */ = {isa = PBXFileReference; explicitFileType = wrapper.application; includeInIndex = 0; path = ColorPicker.app; sourceTree = BUILT_PRODUCTS_DIR; };
		08FCDFA821F9ACD2003E3E10 /* AppDelegate.swift */ = {isa = PBXFileReference; lastKnownFileType = sourcecode.swift; path = AppDelegate.swift; sourceTree = "<group>"; };
		08FCDFAA21F9ACD2003E3E10 /* ViewController.swift */ = {isa = PBXFileReference; lastKnownFileType = sourcecode.swift; path = ViewController.swift; sourceTree = "<group>"; };
		08FCDFAD21F9ACD2003E3E10 /* Base */ = {isa = PBXFileReference; lastKnownFileType = file.storyboard; name = Base; path = Base.lproj/Main.storyboard; sourceTree = "<group>"; };
		08FCDFAF21F9ACD3003E3E10 /* Assets.xcassets */ = {isa = PBXFileReference; lastKnownFileType = folder.assetcatalog; path = Assets.xcassets; sourceTree = "<group>"; };
		08FCDFB221F9ACD3003E3E10 /* Base */ = {isa = PBXFileReference; lastKnownFileType = file.storyboard; name = Base; path = Base.lproj/LaunchScreen.storyboard; sourceTree = "<group>"; };
		08FCDFB421F9ACD3003E3E10 /* Info.plist */ = {isa = PBXFileReference; lastKnownFileType = text.plist.xml; path = Info.plist; sourceTree = "<group>"; };
		08FCDFBA21F9AE62003E3E10 /* Color.xcassets */ = {isa = PBXFileReference; lastKnownFileType = folder.assetcatalog; path = Color.xcassets; sourceTree = "<group>"; };
/* End PBXFileReference section */

/* Begin PBXFrameworksBuildPhase section */
		08FCDFA221F9ACD2003E3E10 /* Frameworks */ = {
			isa = PBXFrameworksBuildPhase;
			buildActionMask = 2147483647;
			files = (
			);
			runOnlyForDeploymentPostprocessing = 0;
		};
/* End PBXFrameworksBuildPhase section */

/* Begin PBXGroup section */
		0865971521F9EFC5006F16C9 /* Views */ = {
			isa = PBXGroup;
			children = (
				08FCDFB121F9ACD3003E3E10 /* LaunchScreen.storyboard */,
				08FCDFAC21F9ACD2003E3E10 /* Main.storyboard */,
			);
			path = Views;
			sourceTree = "<group>";
		};
		0865971621F9EFD0006F16C9 /* Controllers */ = {
			isa = PBXGroup;
			children = (
				0865971321F9BB83006F16C9 /* ColorPickerViewController.swift */,
				08FCDFAA21F9ACD2003E3E10 /* ViewController.swift */,
			);
			path = Controllers;
			sourceTree = "<group>";
		};
		08FCDF9C21F9ACD2003E3E10 = {
			isa = PBXGroup;
			children = (
				08FCDFA721F9ACD2003E3E10 /* ColorPicker */,
				08FCDFA621F9ACD2003E3E10 /* Products */,
			);
			sourceTree = "<group>";
		};
		08FCDFA621F9ACD2003E3E10 /* Products */ = {
			isa = PBXGroup;
			children = (
				08FCDFA521F9ACD2003E3E10 /* ColorPicker.app */,
			);
			name = Products;
			sourceTree = "<group>";
		};
		08FCDFA721F9ACD2003E3E10 /* ColorPicker */ = {
			isa = PBXGroup;
			children = (
				0865971621F9EFD0006F16C9 /* Controllers */,
				0865971521F9EFC5006F16C9 /* Views */,
				08FCDFA821F9ACD2003E3E10 /* AppDelegate.swift */,
				0865971721F9FEDA006F16C9 /* SegueHandlerType.swift */,
				08FCDFAF21F9ACD3003E3E10 /* Assets.xcassets */,
				08FCDFBA21F9AE62003E3E10 /* Color.xcassets */,
				08FCDFB421F9ACD3003E3E10 /* Info.plist */,
			);
			path = ColorPicker;
			sourceTree = "<group>";
		};
/* End PBXGroup section */

/* Begin PBXNativeTarget section */
		08FCDFA421F9ACD2003E3E10 /* ColorPicker */ = {
			isa = PBXNativeTarget;
			buildConfigurationList = 08FCDFB721F9ACD3003E3E10 /* Build configuration list for PBXNativeTarget "ColorPicker" */;
			buildPhases = (
				08FCDFA121F9ACD2003E3E10 /* Sources */,
				08FCDFA221F9ACD2003E3E10 /* Frameworks */,
				08FCDFA321F9ACD2003E3E10 /* Resources */,
			);
			buildRules = (
			);
			dependencies = (
			);
			name = ColorPicker;
			productName = ColorPicker;
			productReference = 08FCDFA521F9ACD2003E3E10 /* ColorPicker.app */;
			productType = "com.apple.product-type.application";
		};
/* End PBXNativeTarget section */

/* Begin PBXProject section */
		08FCDF9D21F9ACD2003E3E10 /* Project object */ = {
			isa = PBXProject;
			attributes = {
				LastSwiftUpdateCheck = 1010;
				LastUpgradeCheck = 1010;
				ORGANIZATIONNAME = lpiem;
				TargetAttributes = {
					08FCDFA421F9ACD2003E3E10 = {
						CreatedOnToolsVersion = 10.1;
					};
				};
			};
			buildConfigurationList = 08FCDFA021F9ACD2003E3E10 /* Build configuration list for PBXProject "ColorPicker" */;
			compatibilityVersion = "Xcode 9.3";
			developmentRegion = en;
			hasScannedForEncodings = 0;
			knownRegions = (
				en,
				Base,
			);
			mainGroup = 08FCDF9C21F9ACD2003E3E10;
			productRefGroup = 08FCDFA621F9ACD2003E3E10 /* Products */;
			projectDirPath = "";
			projectRoot = "";
			targets = (
				08FCDFA421F9ACD2003E3E10 /* ColorPicker */,
			);
		};
/* End PBXProject section */

/* Begin PBXResourcesBuildPhase section */
		08FCDFA321F9ACD2003E3E10 /* Resources */ = {
			isa = PBXResourcesBuildPhase;
			buildActionMask = 2147483647;
			files = (
				08FCDFB321F9ACD3003E3E10 /* LaunchScreen.storyboard in Resources */,
				08FCDFBB21F9AE62003E3E10 /* Color.xcassets in Resources */,
				08FCDFB021F9ACD3003E3E10 /* Assets.xcassets in Resources */,
				08FCDFAE21F9ACD2003E3E10 /* Main.storyboard in Resources */,
			);
			runOnlyForDeploymentPostprocessing = 0;
		};
/* End PBXResourcesBuildPhase section */

/* Begin PBXSourcesBuildPhase section */
		08FCDFA121F9ACD2003E3E10 /* Sources */ = {
			isa = PBXSourcesBuildPhase;
			buildActionMask = 2147483647;
			files = (
				08FCDFAB21F9ACD2003E3E10 /* ViewController.swift in Sources */,
				08FCDFA921F9ACD2003E3E10 /* AppDelegate.swift in Sources */,
				0865971821F9FEDA006F16C9 /* SegueHandlerType.swift in Sources */,
				0865971421F9BB83006F16C9 /* ColorPickerViewController.swift in Sources */,
			);
			runOnlyForDeploymentPostprocessing = 0;
		};
/* End PBXSourcesBuildPhase section */

/* Begin PBXVariantGroup section */
		08FCDFAC21F9ACD2003E3E10 /* Main.storyboard */ = {
			isa = PBXVariantGroup;
			children = (
				08FCDFAD21F9ACD2003E3E10 /* Base */,
			);
			name = Main.storyboard;
			sourceTree = "<group>";
		};
		08FCDFB121F9ACD3003E3E10 /* LaunchScreen.storyboard */ = {
			isa = PBXVariantGroup;
			children = (
				08FCDFB221F9ACD3003E3E10 /* Base */,
			);
			name = LaunchScreen.storyboard;
			sourceTree = "<group>";
		};
/* End PBXVariantGroup section */

/* Begin XCBuildConfiguration section */
		08FCDFB521F9ACD3003E3E10 /* Debug */ = {
			isa = XCBuildConfiguration;
			buildSettings = {
				ALWAYS_SEARCH_USER_PATHS = NO;
				CLANG_ANALYZER_NONNULL = YES;
				CLANG_ANALYZER_NUMBER_OBJECT_CONVERSION = YES_AGGRESSIVE;
				CLANG_CXX_LANGUAGE_STANDARD = "gnu++14";
				CLANG_CXX_LIBRARY = "libc++";
				CLANG_ENABLE_MODULES = YES;
				CLANG_ENABLE_OBJC_ARC = YES;
				CLANG_ENABLE_OBJC_WEAK = YES;
				CLANG_WARN_BLOCK_CAPTURE_AUTORELEASING = YES;
				CLANG_WARN_BOOL_CONVERSION = YES;
				CLANG_WARN_COMMA = YES;
				CLANG_WARN_CONSTANT_CONVERSION = YES;
				CLANG_WARN_DEPRECATED_OBJC_IMPLEMENTATIONS = YES;
				CLANG_WARN_DIRECT_OBJC_ISA_USAGE = YES_ERROR;
				CLANG_WARN_DOCUMENTATION_COMMENTS = YES;
				CLANG_WARN_EMPTY_BODY = YES;
				CLANG_WARN_ENUM_CONVERSION = YES;
				CLANG_WARN_INFINITE_RECURSION = YES;
				CLANG_WARN_INT_CONVERSION = YES;
				CLANG_WARN_NON_LITERAL_NULL_CONVERSION = YES;
				CLANG_WARN_OBJC_IMPLICIT_RETAIN_SELF = YES;
				CLANG_WARN_OBJC_LITERAL_CONVERSION = YES;
				CLANG_WARN_OBJC_ROOT_CLASS = YES_ERROR;
				CLANG_WARN_RANGE_LOOP_ANALYSIS = YES;
				CLANG_WARN_STRICT_PROTOTYPES = YES;
				CLANG_WARN_SUSPICIOUS_MOVE = YES;
				CLANG_WARN_UNGUARDED_AVAILABILITY = YES_AGGRESSIVE;
				CLANG_WARN_UNREACHABLE_CODE = YES;
				CLANG_WARN__DUPLICATE_METHOD_MATCH = YES;
				CODE_SIGN_IDENTITY = "iPhone Developer";
				COPY_PHASE_STRIP = NO;
				DEBUG_INFORMATION_FORMAT = dwarf;
				ENABLE_STRICT_OBJC_MSGSEND = YES;
				ENABLE_TESTABILITY = YES;
				GCC_C_LANGUAGE_STANDARD = gnu11;
				GCC_DYNAMIC_NO_PIC = NO;
				GCC_NO_COMMON_BLOCKS = YES;
				GCC_OPTIMIZATION_LEVEL = 0;
				GCC_PREPROCESSOR_DEFINITIONS = (
					"DEBUG=1",
					"$(inherited)",
				);
				GCC_WARN_64_TO_32_BIT_CONVERSION = YES;
				GCC_WARN_ABOUT_RETURN_TYPE = YES_ERROR;
				GCC_WARN_UNDECLARED_SELECTOR = YES;
				GCC_WARN_UNINITIALIZED_AUTOS = YES_AGGRESSIVE;
				GCC_WARN_UNUSED_FUNCTION = YES;
				GCC_WARN_UNUSED_VARIABLE = YES;
				IPHONEOS_DEPLOYMENT_TARGET = 12.1;
				MTL_ENABLE_DEBUG_INFO = INCLUDE_SOURCE;
				MTL_FAST_MATH = YES;
				ONLY_ACTIVE_ARCH = YES;
				SDKROOT = iphoneos;
				SWIFT_ACTIVE_COMPILATION_CONDITIONS = DEBUG;
				SWIFT_OPTIMIZATION_LEVEL = "-Onone";
			};
			name = Debug;
		};
		08FCDFB621F9ACD3003E3E10 /* Release */ = {
			isa = XCBuildConfiguration;
			buildSettings = {
				ALWAYS_SEARCH_USER_PATHS = NO;
				CLANG_ANALYZER_NONNULL = YES;
				CLANG_ANALYZER_NUMBER_OBJECT_CONVERSION = YES_AGGRESSIVE;
				CLANG_CXX_LANGUAGE_STANDARD = "gnu++14";
				CLANG_CXX_LIBRARY = "libc++";
				CLANG_ENABLE_MODULES = YES;
				CLANG_ENABLE_OBJC_ARC = YES;
				CLANG_ENABLE_OBJC_WEAK = YES;
				CLANG_WARN_BLOCK_CAPTURE_AUTORELEASING = YES;
				CLANG_WARN_BOOL_CONVERSION = YES;
				CLANG_WARN_COMMA = YES;
				CLANG_WARN_CONSTANT_CONVERSION = YES;
				CLANG_WARN_DEPRECATED_OBJC_IMPLEMENTATIONS = YES;
				CLANG_WARN_DIRECT_OBJC_ISA_USAGE = YES_ERROR;
				CLANG_WARN_DOCUMENTATION_COMMENTS = YES;
				CLANG_WARN_EMPTY_BODY = YES;
				CLANG_WARN_ENUM_CONVERSION = YES;
				CLANG_WARN_INFINITE_RECURSION = YES;
				CLANG_WARN_INT_CONVERSION = YES;
				CLANG_WARN_NON_LITERAL_NULL_CONVERSION = YES;
				CLANG_WARN_OBJC_IMPLICIT_RETAIN_SELF = YES;
				CLANG_WARN_OBJC_LITERAL_CONVERSION = YES;
				CLANG_WARN_OBJC_ROOT_CLASS = YES_ERROR;
				CLANG_WARN_RANGE_LOOP_ANALYSIS = YES;
				CLANG_WARN_STRICT_PROTOTYPES = YES;
				CLANG_WARN_SUSPICIOUS_MOVE = YES;
				CLANG_WARN_UNGUARDED_AVAILABILITY = YES_AGGRESSIVE;
				CLANG_WARN_UNREACHABLE_CODE = YES;
				CLANG_WARN__DUPLICATE_METHOD_MATCH = YES;
				CODE_SIGN_IDENTITY = "iPhone Developer";
				COPY_PHASE_STRIP = NO;
				DEBUG_INFORMATION_FORMAT = "dwarf-with-dsym";
				ENABLE_NS_ASSERTIONS = NO;
				ENABLE_STRICT_OBJC_MSGSEND = YES;
				GCC_C_LANGUAGE_STANDARD = gnu11;
				GCC_NO_COMMON_BLOCKS = YES;
				GCC_WARN_64_TO_32_BIT_CONVERSION = YES;
				GCC_WARN_ABOUT_RETURN_TYPE = YES_ERROR;
				GCC_WARN_UNDECLARED_SELECTOR = YES;
				GCC_WARN_UNINITIALIZED_AUTOS = YES_AGGRESSIVE;
				GCC_WARN_UNUSED_FUNCTION = YES;
				GCC_WARN_UNUSED_VARIABLE = YES;
				IPHONEOS_DEPLOYMENT_TARGET = 12.1;
				MTL_ENABLE_DEBUG_INFO = NO;
				MTL_FAST_MATH = YES;
				SDKROOT = iphoneos;
				SWIFT_COMPILATION_MODE = wholemodule;
				SWIFT_OPTIMIZATION_LEVEL = "-O";
				VALIDATE_PRODUCT = YES;
			};
			name = Release;
		};
		08FCDFB821F9ACD3003E3E10 /* Debug */ = {
			isa = XCBuildConfiguration;
			buildSettings = {
				ASSETCATALOG_COMPILER_APPICON_NAME = AppIcon;
				CODE_SIGN_STYLE = Manual;
				DEVELOPMENT_TEAM = "";
				INFOPLIST_FILE = ColorPicker/Info.plist;
				LD_RUNPATH_SEARCH_PATHS = (
					"$(inherited)",
					"@executable_path/Frameworks",
				);
				PRODUCT_BUNDLE_IDENTIFIER = HelloWorld.ColorPicker;
				PRODUCT_NAME = "$(TARGET_NAME)";
				PROVISIONING_PROFILE_SPECIFIER = "";
				SWIFT_VERSION = 4.2;
				TARGETED_DEVICE_FAMILY = "1,2";
			};
			name = Debug;
		};
		08FCDFB921F9ACD3003E3E10 /* Release */ = {
			isa = XCBuildConfiguration;
			buildSettings = {
				ASSETCATALOG_COMPILER_APPICON_NAME = AppIcon;
				CODE_SIGN_STYLE = Manual;
				DEVELOPMENT_TEAM = "";
				INFOPLIST_FILE = ColorPicker/Info.plist;
				LD_RUNPATH_SEARCH_PATHS = (
					"$(inherited)",
					"@executable_path/Frameworks",
				);
				PRODUCT_BUNDLE_IDENTIFIER = HelloWorld.ColorPicker;
				PRODUCT_NAME = "$(TARGET_NAME)";
				PROVISIONING_PROFILE_SPECIFIER = "";
				SWIFT_VERSION = 4.2;
				TARGETED_DEVICE_FAMILY = "1,2";
			};
			name = Release;
		};
/* End XCBuildConfiguration section */

/* Begin XCConfigurationList section */
		08FCDFA021F9ACD2003E3E10 /* Build configuration list for PBXProject "ColorPicker" */ = {
			isa = XCConfigurationList;
			buildConfigurations = (
				08FCDFB521F9ACD3003E3E10 /* Debug */,
				08FCDFB621F9ACD3003E3E10 /* Release */,
			);
			defaultConfigurationIsVisible = 0;
			defaultConfigurationName = Release;
		};
		08FCDFB721F9ACD3003E3E10 /* Build configuration list for PBXNativeTarget "ColorPicker" */ = {
			isa = XCConfigurationList;
			buildConfigurations = (
				08FCDFB821F9ACD3003E3E10 /* Debug */,
				08FCDFB921F9ACD3003E3E10 /* Release */,
			);
			defaultConfigurationIsVisible = 0;
			defaultConfigurationName = Release;
		};
/* End XCConfigurationList section */
	};
	rootObject = 08FCDF9D21F9ACD2003E3E10 /* Project object */;
}
